// !$*UTF8*$!
{
	archiveVersion = 1;
	classes = {
	};
	objectVersion = 46;
	objects = {

/* Begin PBXBuildFile section */
		A771DAB51C3EACB6003D90BA /* SwiftViewController.swift in Sources */ = {isa = PBXBuildFile; fileRef = A771DAB41C3EACB6003D90BA /* SwiftViewController.swift */; };
		A7CF51411C4E7A5800A9625A /* ViewTests.swift in Sources */ = {isa = PBXBuildFile; fileRef = A7CF51401C4E7A5800A9625A /* ViewTests.swift */; };
		A7EBD2A01BF4D5480094E0F1 /* main.m in Sources */ = {isa = PBXBuildFile; fileRef = A7EBD29F1BF4D5480094E0F1 /* main.m */; };
		A7EBD2A31BF4D5480094E0F1 /* AppDelegate.m in Sources */ = {isa = PBXBuildFile; fileRef = A7EBD2A21BF4D5480094E0F1 /* AppDelegate.m */; };
		A7EBD2A61BF4D5480094E0F1 /* ViewController.m in Sources */ = {isa = PBXBuildFile; fileRef = A7EBD2A51BF4D5480094E0F1 /* ViewController.m */; };
		A7EBD2A91BF4D5480094E0F1 /* Main.storyboard in Resources */ = {isa = PBXBuildFile; fileRef = A7EBD2A71BF4D5480094E0F1 /* Main.storyboard */; };
		A7EBD2AB1BF4D5480094E0F1 /* Assets.xcassets in Resources */ = {isa = PBXBuildFile; fileRef = A7EBD2AA1BF4D5480094E0F1 /* Assets.xcassets */; };
		A7EBD2AE1BF4D5480094E0F1 /* LaunchScreen.storyboard in Resources */ = {isa = PBXBuildFile; fileRef = A7EBD2AC1BF4D5480094E0F1 /* LaunchScreen.storyboard */; };
		A7EBD2B91BF4D5480094E0F1 /* iOS_TrainingTests.m in Sources */ = {isa = PBXBuildFile; fileRef = A7EBD2B81BF4D5480094E0F1 /* iOS_TrainingTests.m */; };
		A7EBD2C41BF4D5480094E0F1 /* iOS_TrainingUITests.m in Sources */ = {isa = PBXBuildFile; fileRef = A7EBD2C31BF4D5480094E0F1 /* iOS_TrainingUITests.m */; };
/* End PBXBuildFile section */

/* Begin PBXContainerItemProxy section */
		A7EBD2B51BF4D5480094E0F1 /* PBXContainerItemProxy */ = {
			isa = PBXContainerItemProxy;
			containerPortal = A7EBD2931BF4D5480094E0F1 /* Project object */;
			proxyType = 1;
			remoteGlobalIDString = A7EBD29A1BF4D5480094E0F1;
			remoteInfo = "iOS Training";
		};
		A7EBD2C01BF4D5480094E0F1 /* PBXContainerItemProxy */ = {
			isa = PBXContainerItemProxy;
			containerPortal = A7EBD2931BF4D5480094E0F1 /* Project object */;
			proxyType = 1;
			remoteGlobalIDString = A7EBD29A1BF4D5480094E0F1;
			remoteInfo = "iOS Training";
		};
/* End PBXContainerItemProxy section */

/* Begin PBXFileReference section */
		A771DAB31C3EACB6003D90BA /* iOS Training-Bridging-Header.h */ = {isa = PBXFileReference; lastKnownFileType = sourcecode.c.h; path = "iOS Training-Bridging-Header.h"; sourceTree = "<group>"; };
		A771DAB41C3EACB6003D90BA /* SwiftViewController.swift */ = {isa = PBXFileReference; fileEncoding = 4; lastKnownFileType = sourcecode.swift; path = SwiftViewController.swift; sourceTree = "<group>"; };
		A7CF513F1C4E7A5700A9625A /* iOS TrainingUITests-Bridging-Header.h */ = {isa = PBXFileReference; lastKnownFileType = sourcecode.c.h; path = "iOS TrainingUITests-Bridging-Header.h"; sourceTree = "<group>"; };
		A7CF51401C4E7A5800A9625A /* ViewTests.swift */ = {isa = PBXFileReference; fileEncoding = 4; lastKnownFileType = sourcecode.swift; path = ViewTests.swift; sourceTree = "<group>"; };
		A7EBD29B1BF4D5480094E0F1 /* iOS Training.app */ = {isa = PBXFileReference; explicitFileType = wrapper.application; includeInIndex = 0; path = "iOS Training.app"; sourceTree = BUILT_PRODUCTS_DIR; };
		A7EBD29F1BF4D5480094E0F1 /* main.m */ = {isa = PBXFileReference; lastKnownFileType = sourcecode.c.objc; path = main.m; sourceTree = "<group>"; };
		A7EBD2A11BF4D5480094E0F1 /* AppDelegate.h */ = {isa = PBXFileReference; lastKnownFileType = sourcecode.c.h; path = AppDelegate.h; sourceTree = "<group>"; };
		A7EBD2A21BF4D5480094E0F1 /* AppDelegate.m */ = {isa = PBXFileReference; lastKnownFileType = sourcecode.c.objc; path = AppDelegate.m; sourceTree = "<group>"; };
		A7EBD2A41BF4D5480094E0F1 /* ViewController.h */ = {isa = PBXFileReference; lastKnownFileType = sourcecode.c.h; path = ViewController.h; sourceTree = "<group>"; };
		A7EBD2A51BF4D5480094E0F1 /* ViewController.m */ = {isa = PBXFileReference; lastKnownFileType = sourcecode.c.objc; path = ViewController.m; sourceTree = "<group>"; };
		A7EBD2A81BF4D5480094E0F1 /* Base */ = {isa = PBXFileReference; lastKnownFileType = file.storyboard; name = Base; path = Base.lproj/Main.storyboard; sourceTree = "<group>"; };
		A7EBD2AA1BF4D5480094E0F1 /* Assets.xcassets */ = {isa = PBXFileReference; lastKnownFileType = folder.assetcatalog; path = Assets.xcassets; sourceTree = "<group>"; };
		A7EBD2AD1BF4D5480094E0F1 /* Base */ = {isa = PBXFileReference; lastKnownFileType = file.storyboard; name = Base; path = Base.lproj/LaunchScreen.storyboard; sourceTree = "<group>"; };
		A7EBD2AF1BF4D5480094E0F1 /* Info.plist */ = {isa = PBXFileReference; lastKnownFileType = text.plist.xml; path = Info.plist; sourceTree = "<group>"; };
		A7EBD2B41BF4D5480094E0F1 /* iOS TrainingTests.xctest */ = {isa = PBXFileReference; explicitFileType = wrapper.cfbundle; includeInIndex = 0; path = "iOS TrainingTests.xctest"; sourceTree = BUILT_PRODUCTS_DIR; };
		A7EBD2B81BF4D5480094E0F1 /* iOS_TrainingTests.m */ = {isa = PBXFileReference; lastKnownFileType = sourcecode.c.objc; path = iOS_TrainingTests.m; sourceTree = "<group>"; };
		A7EBD2BA1BF4D5480094E0F1 /* Info.plist */ = {isa = PBXFileReference; lastKnownFileType = text.plist.xml; path = Info.plist; sourceTree = "<group>"; };
		A7EBD2BF1BF4D5480094E0F1 /* iOS TrainingUITests.xctest */ = {isa = PBXFileReference; explicitFileType = wrapper.cfbundle; includeInIndex = 0; path = "iOS TrainingUITests.xctest"; sourceTree = BUILT_PRODUCTS_DIR; };
		A7EBD2C31BF4D5480094E0F1 /* iOS_TrainingUITests.m */ = {isa = PBXFileReference; lastKnownFileType = sourcecode.c.objc; path = iOS_TrainingUITests.m; sourceTree = "<group>"; };
		A7EBD2C51BF4D5480094E0F1 /* Info.plist */ = {isa = PBXFileReference; lastKnownFileType = text.plist.xml; path = Info.plist; sourceTree = "<group>"; };
/* End PBXFileReference section */

/* Begin PBXFrameworksBuildPhase section */
		A7EBD2981BF4D5480094E0F1 /* Frameworks */ = {
			isa = PBXFrameworksBuildPhase;
			buildActionMask = 2147483647;
			files = (
			);
			runOnlyForDeploymentPostprocessing = 0;
		};
		A7EBD2B11BF4D5480094E0F1 /* Frameworks */ = {
			isa = PBXFrameworksBuildPhase;
			buildActionMask = 2147483647;
			files = (
			);
			runOnlyForDeploymentPostprocessing = 0;
		};
		A7EBD2BC1BF4D5480094E0F1 /* Frameworks */ = {
			isa = PBXFrameworksBuildPhase;
			buildActionMask = 2147483647;
			files = (
			);
			runOnlyForDeploymentPostprocessing = 0;
		};
/* End PBXFrameworksBuildPhase section */

/* Begin PBXGroup section */
		A771DAB11C3EABA9003D90BA /* Obj-CUI */ = {
			isa = PBXGroup;
			children = (
				A7EBD2A41BF4D5480094E0F1 /* ViewController.h */,
				A7EBD2A51BF4D5480094E0F1 /* ViewController.m */,
			);
			name = "Obj-CUI";
			sourceTree = "<group>";
		};
		A771DAB21C3EABC9003D90BA /* SwiftUI */ = {
			isa = PBXGroup;
			children = (
				A771DAB41C3EACB6003D90BA /* SwiftViewController.swift */,
				A771DAB31C3EACB6003D90BA /* iOS Training-Bridging-Header.h */,
			);
			name = SwiftUI;
			sourceTree = "<group>";
		};
		A7EBD2921BF4D5480094E0F1 = {
			isa = PBXGroup;
			children = (
				A7EBD29D1BF4D5480094E0F1 /* iOS Training */,
				A7EBD2B71BF4D5480094E0F1 /* iOS TrainingTests */,
				A7EBD2C21BF4D5480094E0F1 /* iOS TrainingUITests */,
				A7EBD29C1BF4D5480094E0F1 /* Products */,
			);
			sourceTree = "<group>";
		};
		A7EBD29C1BF4D5480094E0F1 /* Products */ = {
			isa = PBXGroup;
			children = (
				A7EBD29B1BF4D5480094E0F1 /* iOS Training.app */,
				A7EBD2B41BF4D5480094E0F1 /* iOS TrainingTests.xctest */,
				A7EBD2BF1BF4D5480094E0F1 /* iOS TrainingUITests.xctest */,
			);
			name = Products;
			sourceTree = "<group>";
		};
		A7EBD29D1BF4D5480094E0F1 /* iOS Training */ = {
			isa = PBXGroup;
			children = (
				A771DAB21C3EABC9003D90BA /* SwiftUI */,
				A771DAB11C3EABA9003D90BA /* Obj-CUI */,
				A7EBD2A11BF4D5480094E0F1 /* AppDelegate.h */,
				A7EBD2A21BF4D5480094E0F1 /* AppDelegate.m */,
				A7EBD2A71BF4D5480094E0F1 /* Main.storyboard */,
				A7EBD2AA1BF4D5480094E0F1 /* Assets.xcassets */,
				A7EBD2AC1BF4D5480094E0F1 /* LaunchScreen.storyboard */,
				A7EBD2AF1BF4D5480094E0F1 /* Info.plist */,
				A7EBD29E1BF4D5480094E0F1 /* Supporting Files */,
			);
			path = "iOS Training";
			sourceTree = "<group>";
		};
		A7EBD29E1BF4D5480094E0F1 /* Supporting Files */ = {
			isa = PBXGroup;
			children = (
				A7EBD29F1BF4D5480094E0F1 /* main.m */,
			);
			name = "Supporting Files";
			sourceTree = "<group>";
		};
		A7EBD2B71BF4D5480094E0F1 /* iOS TrainingTests */ = {
			isa = PBXGroup;
			children = (
				A7EBD2B81BF4D5480094E0F1 /* iOS_TrainingTests.m */,
				A7EBD2BA1BF4D5480094E0F1 /* Info.plist */,
			);
			path = "iOS TrainingTests";
			sourceTree = "<group>";
		};
		A7EBD2C21BF4D5480094E0F1 /* iOS TrainingUITests */ = {
			isa = PBXGroup;
			children = (
				A7EBD2C31BF4D5480094E0F1 /* iOS_TrainingUITests.m */,
				A7EBD2C51BF4D5480094E0F1 /* Info.plist */,
				A7CF51401C4E7A5800A9625A /* ViewTests.swift */,
				A7CF513F1C4E7A5700A9625A /* iOS TrainingUITests-Bridging-Header.h */,
			);
			path = "iOS TrainingUITests";
			sourceTree = "<group>";
		};
/* End PBXGroup section */

/* Begin PBXNativeTarget section */
		A7EBD29A1BF4D5480094E0F1 /* iOS Training */ = {
			isa = PBXNativeTarget;
			buildConfigurationList = A7EBD2C81BF4D5480094E0F1 /* Build configuration list for PBXNativeTarget "iOS Training" */;
			buildPhases = (
				A7EBD2971BF4D5480094E0F1 /* Sources */,
				A7EBD2981BF4D5480094E0F1 /* Frameworks */,
				A7EBD2991BF4D5480094E0F1 /* Resources */,
			);
			buildRules = (
			);
			dependencies = (
			);
			name = "iOS Training";
			productName = "iOS Training";
			productReference = A7EBD29B1BF4D5480094E0F1 /* iOS Training.app */;
			productType = "com.apple.product-type.application";
		};
		A7EBD2B31BF4D5480094E0F1 /* iOS TrainingTests */ = {
			isa = PBXNativeTarget;
			buildConfigurationList = A7EBD2CB1BF4D5480094E0F1 /* Build configuration list for PBXNativeTarget "iOS TrainingTests" */;
			buildPhases = (
				A7EBD2B01BF4D5480094E0F1 /* Sources */,
				A7EBD2B11BF4D5480094E0F1 /* Frameworks */,
				A7EBD2B21BF4D5480094E0F1 /* Resources */,
			);
			buildRules = (
			);
			dependencies = (
				A7EBD2B61BF4D5480094E0F1 /* PBXTargetDependency */,
			);
			name = "iOS TrainingTests";
			productName = "iOS TrainingTests";
			productReference = A7EBD2B41BF4D5480094E0F1 /* iOS TrainingTests.xctest */;
			productType = "com.apple.product-type.bundle.unit-test";
		};
		A7EBD2BE1BF4D5480094E0F1 /* iOS TrainingUITests */ = {
			isa = PBXNativeTarget;
			buildConfigurationList = A7EBD2CE1BF4D5480094E0F1 /* Build configuration list for PBXNativeTarget "iOS TrainingUITests" */;
			buildPhases = (
				A7EBD2BB1BF4D5480094E0F1 /* Sources */,
				A7EBD2BC1BF4D5480094E0F1 /* Frameworks */,
				A7EBD2BD1BF4D5480094E0F1 /* Resources */,
			);
			buildRules = (
			);
			dependencies = (
				A7EBD2C11BF4D5480094E0F1 /* PBXTargetDependency */,
			);
			name = "iOS TrainingUITests";
			productName = "iOS TrainingUITests";
			productReference = A7EBD2BF1BF4D5480094E0F1 /* iOS TrainingUITests.xctest */;
			productType = "com.apple.product-type.bundle.ui-testing";
		};
/* End PBXNativeTarget section */

/* Begin PBXProject section */
		A7EBD2931BF4D5480094E0F1 /* Project object */ = {
			isa = PBXProject;
			attributes = {
				LastSwiftUpdateCheck = 0720;
				LastUpgradeCheck = 0710;
				ORGANIZATIONNAME = URBN;
				TargetAttributes = {
					A7EBD29A1BF4D5480094E0F1 = {
						CreatedOnToolsVersion = 7.1;
					};
					A7EBD2B31BF4D5480094E0F1 = {
						CreatedOnToolsVersion = 7.1;
						TestTargetID = A7EBD29A1BF4D5480094E0F1;
					};
					A7EBD2BE1BF4D5480094E0F1 = {
						CreatedOnToolsVersion = 7.1;
						TestTargetID = A7EBD29A1BF4D5480094E0F1;
					};
				};
			};
			buildConfigurationList = A7EBD2961BF4D5480094E0F1 /* Build configuration list for PBXProject "iOS Training" */;
			compatibilityVersion = "Xcode 3.2";
			developmentRegion = English;
			hasScannedForEncodings = 0;
			knownRegions = (
				en,
				Base,
			);
			mainGroup = A7EBD2921BF4D5480094E0F1;
			productRefGroup = A7EBD29C1BF4D5480094E0F1 /* Products */;
			projectDirPath = "";
			projectRoot = "";
			targets = (
				A7EBD29A1BF4D5480094E0F1 /* iOS Training */,
				A7EBD2B31BF4D5480094E0F1 /* iOS TrainingTests */,
				A7EBD2BE1BF4D5480094E0F1 /* iOS TrainingUITests */,
			);
		};
/* End PBXProject section */

/* Begin PBXResourcesBuildPhase section */
		A7EBD2991BF4D5480094E0F1 /* Resources */ = {
			isa = PBXResourcesBuildPhase;
			buildActionMask = 2147483647;
			files = (
				A7EBD2AE1BF4D5480094E0F1 /* LaunchScreen.storyboard in Resources */,
				A7EBD2AB1BF4D5480094E0F1 /* Assets.xcassets in Resources */,
				A7EBD2A91BF4D5480094E0F1 /* Main.storyboard in Resources */,
			);
			runOnlyForDeploymentPostprocessing = 0;
		};
		A7EBD2B21BF4D5480094E0F1 /* Resources */ = {
			isa = PBXResourcesBuildPhase;
			buildActionMask = 2147483647;
			files = (
			);
			runOnlyForDeploymentPostprocessing = 0;
		};
		A7EBD2BD1BF4D5480094E0F1 /* Resources */ = {
			isa = PBXResourcesBuildPhase;
			buildActionMask = 2147483647;
			files = (
			);
			runOnlyForDeploymentPostprocessing = 0;
		};
/* End PBXResourcesBuildPhase section */

/* Begin PBXSourcesBuildPhase section */
		A7EBD2971BF4D5480094E0F1 /* Sources */ = {
			isa = PBXSourcesBuildPhase;
			buildActionMask = 2147483647;
			files = (
				A771DAB51C3EACB6003D90BA /* SwiftViewController.swift in Sources */,
				A7EBD2A61BF4D5480094E0F1 /* ViewController.m in Sources */,
				A7EBD2A31BF4D5480094E0F1 /* AppDelegate.m in Sources */,
				A7EBD2A01BF4D5480094E0F1 /* main.m in Sources */,
			);
			runOnlyForDeploymentPostprocessing = 0;
		};
		A7EBD2B01BF4D5480094E0F1 /* Sources */ = {
			isa = PBXSourcesBuildPhase;
			buildActionMask = 2147483647;
			files = (
				A7EBD2B91BF4D5480094E0F1 /* iOS_TrainingTests.m in Sources */,
			);
			runOnlyForDeploymentPostprocessing = 0;
		};
		A7EBD2BB1BF4D5480094E0F1 /* Sources */ = {
			isa = PBXSourcesBuildPhase;
			buildActionMask = 2147483647;
			files = (
				A7CF51411C4E7A5800A9625A /* ViewTests.swift in Sources */,
				A7EBD2C41BF4D5480094E0F1 /* iOS_TrainingUITests.m in Sources */,
			);
			runOnlyForDeploymentPostprocessing = 0;
		};
/* End PBXSourcesBuildPhase section */

/* Begin PBXTargetDependency section */
		A7EBD2B61BF4D5480094E0F1 /* PBXTargetDependency */ = {
			isa = PBXTargetDependency;
			target = A7EBD29A1BF4D5480094E0F1 /* iOS Training */;
			targetProxy = A7EBD2B51BF4D5480094E0F1 /* PBXContainerItemProxy */;
		};
		A7EBD2C11BF4D5480094E0F1 /* PBXTargetDependency */ = {
			isa = PBXTargetDependency;
			target = A7EBD29A1BF4D5480094E0F1 /* iOS Training */;
			targetProxy = A7EBD2C01BF4D5480094E0F1 /* PBXContainerItemProxy */;
		};
/* End PBXTargetDependency section */

/* Begin PBXVariantGroup section */
		A7EBD2A71BF4D5480094E0F1 /* Main.storyboard */ = {
			isa = PBXVariantGroup;
			children = (
				A7EBD2A81BF4D5480094E0F1 /* Base */,
			);
			name = Main.storyboard;
			sourceTree = "<group>";
		};
		A7EBD2AC1BF4D5480094E0F1 /* LaunchScreen.storyboard */ = {
			isa = PBXVariantGroup;
			children = (
				A7EBD2AD1BF4D5480094E0F1 /* Base */,
			);
			name = LaunchScreen.storyboard;
			sourceTree = "<group>";
		};
/* End PBXVariantGroup section */

/* Begin XCBuildConfiguration section */
		A7EBD2C61BF4D5480094E0F1 /* Debug */ = {
			isa = XCBuildConfiguration;
			buildSettings = {
				ALWAYS_SEARCH_USER_PATHS = NO;
				CLANG_CXX_LANGUAGE_STANDARD = "gnu++0x";
				CLANG_CXX_LIBRARY = "libc++";
				CLANG_ENABLE_MODULES = YES;
				CLANG_ENABLE_OBJC_ARC = YES;
				CLANG_WARN_BOOL_CONVERSION = YES;
				CLANG_WARN_CONSTANT_CONVERSION = YES;
				CLANG_WARN_DIRECT_OBJC_ISA_USAGE = YES_ERROR;
				CLANG_WARN_EMPTY_BODY = YES;
				CLANG_WARN_ENUM_CONVERSION = YES;
				CLANG_WARN_INT_CONVERSION = YES;
				CLANG_WARN_OBJC_ROOT_CLASS = YES_ERROR;
				CLANG_WARN_UNREACHABLE_CODE = YES;
				CLANG_WARN__DUPLICATE_METHOD_MATCH = YES;
				"CODE_SIGN_IDENTITY[sdk=iphoneos*]" = "iPhone Developer";
				COPY_PHASE_STRIP = NO;
				DEBUG_INFORMATION_FORMAT = dwarf;
				ENABLE_STRICT_OBJC_MSGSEND = YES;
				ENABLE_TESTABILITY = YES;
				GCC_C_LANGUAGE_STANDARD = gnu99;
				GCC_DYNAMIC_NO_PIC = NO;
				GCC_NO_COMMON_BLOCKS = YES;
				GCC_OPTIMIZATION_LEVEL = 0;
				GCC_PREPROCESSOR_DEFINITIONS = (
					"DEBUG=1",
					"$(inherited)",
				);
				GCC_WARN_64_TO_32_BIT_CONVERSION = YES;
				GCC_WARN_ABOUT_RETURN_TYPE = YES_ERROR;
				GCC_WARN_UNDECLARED_SELECTOR = YES;
				GCC_WARN_UNINITIALIZED_AUTOS = YES_AGGRESSIVE;
				GCC_WARN_UNUSED_FUNCTION = YES;
				GCC_WARN_UNUSED_VARIABLE = YES;
				IPHONEOS_DEPLOYMENT_TARGET = 9.1;
				MTL_ENABLE_DEBUG_INFO = YES;
				ONLY_ACTIVE_ARCH = YES;
				SDKROOT = iphoneos;
				TARGETED_DEVICE_FAMILY = "1,2";
			};
			name = Debug;
		};
		A7EBD2C71BF4D5480094E0F1 /* Release */ = {
			isa = XCBuildConfiguration;
			buildSettings = {
				ALWAYS_SEARCH_USER_PATHS = NO;
				CLANG_CXX_LANGUAGE_STANDARD = "gnu++0x";
				CLANG_CXX_LIBRARY = "libc++";
				CLANG_ENABLE_MODULES = YES;
				CLANG_ENABLE_OBJC_ARC = YES;
				CLANG_WARN_BOOL_CONVERSION = YES;
				CLANG_WARN_CONSTANT_CONVERSION = YES;
				CLANG_WARN_DIRECT_OBJC_ISA_USAGE = YES_ERROR;
				CLANG_WARN_EMPTY_BODY = YES;
				CLANG_WARN_ENUM_CONVERSION = YES;
				CLANG_WARN_INT_CONVERSION = YES;
				CLANG_WARN_OBJC_ROOT_CLASS = YES_ERROR;
				CLANG_WARN_UNREACHABLE_CODE = YES;
				CLANG_WARN__DUPLICATE_METHOD_MATCH = YES;
				"CODE_SIGN_IDENTITY[sdk=iphoneos*]" = "iPhone Developer";
				COPY_PHASE_STRIP = NO;
				DEBUG_INFORMATION_FORMAT = "dwarf-with-dsym";
				ENABLE_NS_ASSERTIONS = NO;
				ENABLE_STRICT_OBJC_MSGSEND = YES;
				GCC_C_LANGUAGE_STANDARD = gnu99;
				GCC_NO_COMMON_BLOCKS = YES;
				GCC_WARN_64_TO_32_BIT_CONVERSION = YES;
				GCC_WARN_ABOUT_RETURN_TYPE = YES_ERROR;
				GCC_WARN_UNDECLARED_SELECTOR = YES;
				GCC_WARN_UNINITIALIZED_AUTOS = YES_AGGRESSIVE;
				GCC_WARN_UNUSED_FUNCTION = YES;
				GCC_WARN_UNUSED_VARIABLE = YES;
				IPHONEOS_DEPLOYMENT_TARGET = 9.1;
				MTL_ENABLE_DEBUG_INFO = NO;
				SDKROOT = iphoneos;
				TARGETED_DEVICE_FAMILY = "1,2";
				VALIDATE_PRODUCT = YES;
			};
			name = Release;
		};
		A7EBD2C91BF4D5480094E0F1 /* Debug */ = {
			isa = XCBuildConfiguration;
			buildSettings = {
				ASSETCATALOG_COMPILER_APPICON_NAME = AppIcon;
				CLANG_ENABLE_MODULES = YES;
				INFOPLIST_FILE = "iOS Training/Info.plist";
				LD_RUNPATH_SEARCH_PATHS = "$(inherited) @executable_path/Frameworks";
				PRODUCT_BUNDLE_IDENTIFIER = "com.urbn.iOS-Training";
				PRODUCT_NAME = "$(TARGET_NAME)";
				SWIFT_OBJC_BRIDGING_HEADER = "iOS Training/iOS Training-Bridging-Header.h";
				SWIFT_OPTIMIZATION_LEVEL = "-Onone";
			};
			name = Debug;
		};
		A7EBD2CA1BF4D5480094E0F1 /* Release */ = {
			isa = XCBuildConfiguration;
			buildSettings = {
				ASSETCATALOG_COMPILER_APPICON_NAME = AppIcon;
				CLANG_ENABLE_MODULES = YES;
				INFOPLIST_FILE = "iOS Training/Info.plist";
				LD_RUNPATH_SEARCH_PATHS = "$(inherited) @executable_path/Frameworks";
				PRODUCT_BUNDLE_IDENTIFIER = "com.urbn.iOS-Training";
				PRODUCT_NAME = "$(TARGET_NAME)";
				SWIFT_OBJC_BRIDGING_HEADER = "iOS Training/iOS Training-Bridging-Header.h";
			};
			name = Release;
		};
		A7EBD2CC1BF4D5480094E0F1 /* Debug */ = {
			isa = XCBuildConfiguration;
			buildSettings = {
				BUNDLE_LOADER = "$(TEST_HOST)";
				INFOPLIST_FILE = "iOS TrainingTests/Info.plist";
				LD_RUNPATH_SEARCH_PATHS = "$(inherited) @executable_path/Frameworks @loader_path/Frameworks";
				PRODUCT_BUNDLE_IDENTIFIER = "com.urbn.iOS-TrainingTests";
				PRODUCT_NAME = "$(TARGET_NAME)";
				TEST_HOST = "$(BUILT_PRODUCTS_DIR)/iOS Training.app/iOS Training";
			};
			name = Debug;
		};
		A7EBD2CD1BF4D5480094E0F1 /* Release */ = {
			isa = XCBuildConfiguration;
			buildSettings = {
				BUNDLE_LOADER = "$(TEST_HOST)";
				INFOPLIST_FILE = "iOS TrainingTests/Info.plist";
				LD_RUNPATH_SEARCH_PATHS = "$(inherited) @executable_path/Frameworks @loader_path/Frameworks";
				PRODUCT_BUNDLE_IDENTIFIER = "com.urbn.iOS-TrainingTests";
				PRODUCT_NAME = "$(TARGET_NAME)";
				TEST_HOST = "$(BUILT_PRODUCTS_DIR)/iOS Training.app/iOS Training";
			};
			name = Release;
		};
		A7EBD2CF1BF4D5480094E0F1 /* Debug */ = {
			isa = XCBuildConfiguration;
			buildSettings = {
				CLANG_ENABLE_MODULES = YES;
				INFOPLIST_FILE = "iOS TrainingUITests/Info.plist";
				LD_RUNPATH_SEARCH_PATHS = "$(inherited) @executable_path/Frameworks @loader_path/Frameworks";
				PRODUCT_BUNDLE_IDENTIFIER = "com.urbn.iOS-TrainingUITests";
				PRODUCT_NAME = "$(TARGET_NAME)";
				SWIFT_OBJC_BRIDGING_HEADER = "iOS TrainingUITests/iOS TrainingUITests-Bridging-Header.h";
				SWIFT_OPTIMIZATION_LEVEL = "-Onone";
				TEST_TARGET_NAME = "iOS Training";
				USES_XCTRUNNER = YES;
			};
			name = Debug;
		};
		A7EBD2D01BF4D5480094E0F1 /* Release */ = {
			isa = XCBuildConfiguration;
			buildSettings = {
				CLANG_ENABLE_MODULES = YES;
				INFOPLIST_FILE = "iOS TrainingUITests/Info.plist";
				LD_RUNPATH_SEARCH_PATHS = "$(inherited) @executable_path/Frameworks @loader_path/Frameworks";
				PRODUCT_BUNDLE_IDENTIFIER = "com.urbn.iOS-TrainingUITests";
				PRODUCT_NAME = "$(TARGET_NAME)";
				SWIFT_OBJC_BRIDGING_HEADER = "iOS TrainingUITests/iOS TrainingUITests-Bridging-Header.h";
				TEST_TARGET_NAME = "iOS Training";
				USES_XCTRUNNER = YES;
			};
			name = Release;
		};
/* End XCBuildConfiguration section */

/* Begin XCConfigurationList section */
		A7EBD2961BF4D5480094E0F1 /* Build configuration list for PBXProject "iOS Training" */ = {
			isa = XCConfigurationList;
			buildConfigurations = (
				A7EBD2C61BF4D5480094E0F1 /* Debug */,
				A7EBD2C71BF4D5480094E0F1 /* Release */,
			);
			defaultConfigurationIsVisible = 0;
			defaultConfigurationName = Release;
		};
		A7EBD2C81BF4D5480094E0F1 /* Build configuration list for PBXNativeTarget "iOS Training" */ = {
			isa = XCConfigurationList;
			buildConfigurations = (
				A7EBD2C91BF4D5480094E0F1 /* Debug */,
				A7EBD2CA1BF4D5480094E0F1 /* Release */,
			);
			defaultConfigurationIsVisible = 0;
			defaultConfigurationName = Release;
		};
		A7EBD2CB1BF4D5480094E0F1 /* Build configuration list for PBXNativeTarget "iOS TrainingTests" */ = {
			isa = XCConfigurationList;
			buildConfigurations = (
				A7EBD2CC1BF4D5480094E0F1 /* Debug */,
				A7EBD2CD1BF4D5480094E0F1 /* Release */,
			);
			defaultConfigurationIsVisible = 0;
			defaultConfigurationName = Release;
		};
		A7EBD2CE1BF4D5480094E0F1 /* Build configuration list for PBXNativeTarget "iOS TrainingUITests" */ = {
			isa = XCConfigurationList;
			buildConfigurations = (
				A7EBD2CF1BF4D5480094E0F1 /* Debug */,
				A7EBD2D01BF4D5480094E0F1 /* Release */,
			);
			defaultConfigurationIsVisible = 0;
			defaultConfigurationName = Release;
		};
/* End XCConfigurationList section */
	};
	rootObject = A7EBD2931BF4D5480094E0F1 /* Project object */;
}
